
Microsoft Visual Studio Solution File, Format Version 12.00
# Visual Studio Version 17
VisualStudioVersion = 17.2.32630.192
MinimumVisualStudioVersion = 10.0.40219.1
Project("{FAE04EC0-301F-11D3-BF4B-00C04F79EFBC}") = "TrackingAPI", "TrackingAPI\TrackingAPI.csproj", "{DF86E50F-E115-4089-B84D-7A4B11A45C6E}"
EndProject
Project("{FAE04EC0-301F-11D3-BF4B-00C04F79EFBC}") = "TrackingClient", "TrackingClient\TrackingClient.csproj", "{FAB27589-64FE-48DE-B42B-ABCED67F66EF}"
EndProject
Global
	GlobalSection(SolutionConfigurationPlatforms) = preSolution
		Debug|Any CPU = Debug|Any CPU
		Release|Any CPU = Release|Any CPU
	EndGlobalSection
	GlobalSection(ProjectConfigurationPlatforms) = postSolution
		{DF86E50F-E115-4089-B84D-7A4B11A45C6E}.Debug|Any CPU.ActiveCfg = Debug|Any CPU
		{DF86E50F-E115-4089-B84D-7A4B11A45C6E}.Debug|Any CPU.Build.0 = Debug|Any CPU
		{DF86E50F-E115-4089-B84D-7A4B11A45C6E}.Release|Any CPU.ActiveCfg = Release|Any CPU
		{DF86E50F-E115-4089-B84D-7A4B11A45C6E}.Release|Any CPU.Build.0 = Release|Any CPU
		{FAB27589-64FE-48DE-B42B-ABCED67F66EF}.Debug|Any CPU.ActiveCfg = Debug|Any CPU
		{FAB27589-64FE-48DE-B42B-ABCED67F66EF}.Debug|Any CPU.Build.0 = Debug|Any CPU
		{FAB27589-64FE-48DE-B42B-ABCED67F66EF}.Release|Any CPU.ActiveCfg = Release|Any CPU
		{FAB27589-64FE-48DE-B42B-ABCED67F66EF}.Release|Any CPU.Build.0 = Release|Any CPU
	EndGlobalSection
	GlobalSection(SolutionProperties) = preSolution
		HideSolutionNode = FALSE
	EndGlobalSection
	GlobalSection(ExtensibilityGlobals) = postSolution
		SolutionGuid = {C6770988-9311-4531-8D56-6247FCCFFC78}
	EndGlobalSection
EndGlobal
